
Microsoft Visual Studio Solution File, Format Version 12.00
# Visual Studio 15
VisualStudioVersion = 15.0.28010.2016
MinimumVisualStudioVersion = 10.0.40219.1
Project("{FAE04EC0-301F-11D3-BF4B-00C04F79EFBC}") = "SGymUES", "SGymUES\SGymUES.csproj", "{C19407B9-83F4-4E0C-BFC5-B96354E5BE4F}"
EndProject
Global
	GlobalSection(SolutionConfigurationPlatforms) = preSolution
		Debug|Any CPU = Debug|Any CPU
		Release|Any CPU = Release|Any CPU
	EndGlobalSection
	GlobalSection(ProjectConfigurationPlatforms) = postSolution
		{C19407B9-83F4-4E0C-BFC5-B96354E5BE4F}.Debug|Any CPU.ActiveCfg = Debug|Any CPU
		{C19407B9-83F4-4E0C-BFC5-B96354E5BE4F}.Debug|Any CPU.Build.0 = Debug|Any CPU
		{C19407B9-83F4-4E0C-BFC5-B96354E5BE4F}.Release|Any CPU.ActiveCfg = Release|Any CPU
		{C19407B9-83F4-4E0C-BFC5-B96354E5BE4F}.Release|Any CPU.Build.0 = Release|Any CPU
	EndGlobalSection
	GlobalSection(SolutionProperties) = preSolution
		HideSolutionNode = FALSE
	EndGlobalSection
	GlobalSection(ExtensibilityGlobals) = postSolution
		SolutionGuid = {CC05DF3B-8614-47E6-803A-F9B903EA481F}
	EndGlobalSection
EndGlobal
